
Microsoft Visual Studio Solution File, Format Version 12.00
# Visual Studio 14
VisualStudioVersion = 14.0.25420.1
MinimumVisualStudioVersion = 10.0.40219.1
Project("{2150E333-8FDC-42A3-9474-1A3956D46DE8}") = "WebSite", "WebSite", "{1AD6F114-F602-4126-A01F-5BF6DDDC3332}"
EndProject
Project("{FAE04EC0-301F-11D3-BF4B-00C04F79EFBC}") = "AmericanView.WebSite", "WebSite\AmericanView.WebSite\AmericanView.WebSite.csproj", "{5E364099-0B35-4415-9BE2-FCA77811F30A}"
EndProject
Project("{2150E333-8FDC-42A3-9474-1A3956D46DE8}") = "Administrativo", "Administrativo", "{FD892290-5D09-4BAE-8DBA-1FC2E29CB47A}"
EndProject
Project("{2150E333-8FDC-42A3-9474-1A3956D46DE8}") = "Comum", "Comum", "{5CB015FB-85F0-447B-A939-784623F1DA88}"
EndProject
Project("{2150E333-8FDC-42A3-9474-1A3956D46DE8}") = "Permissoes", "Permissoes", "{18118780-A3BB-48C3-BF75-9B6BA93079D4}"
EndProject
Project("{FAE04EC0-301F-11D3-BF4B-00C04F79EFBC}") = "AmericanView.Permissoes.Application", "Permissoes\AmericanView.Permissoes.Application\AmericanView.Permissoes.Application.csproj", "{98E88BD5-A586-4F30-A22C-9C0D9D26F656}"
EndProject
Project("{FAE04EC0-301F-11D3-BF4B-00C04F79EFBC}") = "AmericanView.Permissoes.Domain", "Permissoes\AmericanView.Permissoes.Domain\AmericanView.Permissoes.Domain.csproj", "{BAAC2B2D-10D6-49D9-8E86-3EB30000E98B}"
EndProject
Project("{FAE04EC0-301F-11D3-BF4B-00C04F79EFBC}") = "AmericanView.Permissoes.Infrastructure", "Permissoes\AmericanView.Permissoes.Infrastructure\AmericanView.Permissoes.Infrastructure.csproj", "{47FA4F3D-36B5-40C1-9E99-6CA447CA64F6}"
EndProject
Project("{FAE04EC0-301F-11D3-BF4B-00C04F79EFBC}") = "AmericanView.View", "WebSite\AmericanView.View\AmericanView.View.csproj", "{0501D8D0-1992-4B29-B749-AB71932AAD16}"
EndProject
Project("{2150E333-8FDC-42A3-9474-1A3956D46DE8}") = "ThirdParty", "ThirdParty", "{79746765-1A61-4B5A-8455-0E02AA32E228}"
EndProject
Project("{2150E333-8FDC-42A3-9474-1A3956D46DE8}") = "BrockAllen", "BrockAllen", "{D5A026BF-8050-48B5-A5B1-F932EEB98DFE}"
EndProject
Project("{FAE04EC0-301F-11D3-BF4B-00C04F79EFBC}") = "BrockAllen.MembershipReboot", "ThirdParty\BrockAllen.MembershipReboot\BrockAllen.MembershipReboot.csproj", "{A33FE01F-AE9B-4BDE-B521-AB13916B1CFA}"
EndProject
Project("{FAE04EC0-301F-11D3-BF4B-00C04F79EFBC}") = "BrockAllen.MembershipReboot.Ef", "ThirdParty\BrockAllen.MembershipReboot.Ef\BrockAllen.MembershipReboot.Ef.csproj", "{453C8A9D-72AA-4F8D-9354-8B0F57F2B58A}"
EndProject
Project("{FAE04EC0-301F-11D3-BF4B-00C04F79EFBC}") = "BrockAllen.MembershipReboot.WebHost", "ThirdParty\BrockAllen.MembershipReboot.WebHost\BrockAllen.MembershipReboot.WebHost.csproj", "{754AE1B9-11D0-4270-98C7-8DA69B150860}"
EndProject
Project("{FAE04EC0-301F-11D3-BF4B-00C04F79EFBC}") = "AmericanView.Administrativo.Application", "Administrativo\AmericanView.Administrativo.Application\AmericanView.Administrativo.Application.csproj", "{3EDC08B5-879E-4FFA-83C0-C1BB595A2EC8}"
EndProject
Project("{FAE04EC0-301F-11D3-BF4B-00C04F79EFBC}") = "AmericanView.Administrativo.Domain", "Administrativo\AmericanView.Administrativo.Domain\AmericanView.Administrativo.Domain.csproj", "{545EC665-2792-45B6-8764-0D4401428831}"
EndProject
Project("{FAE04EC0-301F-11D3-BF4B-00C04F79EFBC}") = "AmericanView.Administrativo.Infrastructure", "Administrativo\AmericanView.Administrativo.Infrastructure\AmericanView.Administrativo.Infrastructure.csproj", "{94CA34A2-5727-4E78-89D8-C49DE825C4FC}"
EndProject
Project("{FAE04EC0-301F-11D3-BF4B-00C04F79EFBC}") = "AmericanView.Administrativo.Test", "Administrativo\AmericanView.Administrativo.Test\AmericanView.Administrativo.Test.csproj", "{202E9681-1F77-4C56-A940-6BA61FED212D}"
EndProject
Project("{FAE04EC0-301F-11D3-BF4B-00C04F79EFBC}") = "AmericanView.Comum", "Comum\AmericanView.Comum\AmericanView.Comum.csproj", "{27BC64FC-1A68-458A-871D-7C6F9AF3DCA0}"
EndProject
Global
	GlobalSection(SolutionConfigurationPlatforms) = preSolution
		Debug|Any CPU = Debug|Any CPU
		Release|Any CPU = Release|Any CPU
	EndGlobalSection
	GlobalSection(ProjectConfigurationPlatforms) = postSolution
		{5E364099-0B35-4415-9BE2-FCA77811F30A}.Debug|Any CPU.ActiveCfg = Debug|Any CPU
		{5E364099-0B35-4415-9BE2-FCA77811F30A}.Debug|Any CPU.Build.0 = Debug|Any CPU
		{5E364099-0B35-4415-9BE2-FCA77811F30A}.Release|Any CPU.ActiveCfg = Release|Any CPU
		{5E364099-0B35-4415-9BE2-FCA77811F30A}.Release|Any CPU.Build.0 = Release|Any CPU
		{98E88BD5-A586-4F30-A22C-9C0D9D26F656}.Debug|Any CPU.ActiveCfg = Debug|Any CPU
		{98E88BD5-A586-4F30-A22C-9C0D9D26F656}.Debug|Any CPU.Build.0 = Debug|Any CPU
		{98E88BD5-A586-4F30-A22C-9C0D9D26F656}.Release|Any CPU.ActiveCfg = Release|Any CPU
		{98E88BD5-A586-4F30-A22C-9C0D9D26F656}.Release|Any CPU.Build.0 = Release|Any CPU
		{BAAC2B2D-10D6-49D9-8E86-3EB30000E98B}.Debug|Any CPU.ActiveCfg = Debug|Any CPU
		{BAAC2B2D-10D6-49D9-8E86-3EB30000E98B}.Debug|Any CPU.Build.0 = Debug|Any CPU
		{BAAC2B2D-10D6-49D9-8E86-3EB30000E98B}.Release|Any CPU.ActiveCfg = Release|Any CPU
		{BAAC2B2D-10D6-49D9-8E86-3EB30000E98B}.Release|Any CPU.Build.0 = Release|Any CPU
		{47FA4F3D-36B5-40C1-9E99-6CA447CA64F6}.Debug|Any CPU.ActiveCfg = Debug|Any CPU
		{47FA4F3D-36B5-40C1-9E99-6CA447CA64F6}.Debug|Any CPU.Build.0 = Debug|Any CPU
		{47FA4F3D-36B5-40C1-9E99-6CA447CA64F6}.Release|Any CPU.ActiveCfg = Release|Any CPU
		{47FA4F3D-36B5-40C1-9E99-6CA447CA64F6}.Release|Any CPU.Build.0 = Release|Any CPU
		{0501D8D0-1992-4B29-B749-AB71932AAD16}.Debug|Any CPU.ActiveCfg = Debug|Any CPU
		{0501D8D0-1992-4B29-B749-AB71932AAD16}.Debug|Any CPU.Build.0 = Debug|Any CPU
		{0501D8D0-1992-4B29-B749-AB71932AAD16}.Release|Any CPU.ActiveCfg = Release|Any CPU
		{0501D8D0-1992-4B29-B749-AB71932AAD16}.Release|Any CPU.Build.0 = Release|Any CPU
		{A33FE01F-AE9B-4BDE-B521-AB13916B1CFA}.Debug|Any CPU.ActiveCfg = Debug|Any CPU
		{A33FE01F-AE9B-4BDE-B521-AB13916B1CFA}.Debug|Any CPU.Build.0 = Debug|Any CPU
		{A33FE01F-AE9B-4BDE-B521-AB13916B1CFA}.Release|Any CPU.ActiveCfg = Release|Any CPU
		{A33FE01F-AE9B-4BDE-B521-AB13916B1CFA}.Release|Any CPU.Build.0 = Release|Any CPU
		{453C8A9D-72AA-4F8D-9354-8B0F57F2B58A}.Debug|Any CPU.ActiveCfg = Debug|Any CPU
		{453C8A9D-72AA-4F8D-9354-8B0F57F2B58A}.Debug|Any CPU.Build.0 = Debug|Any CPU
		{453C8A9D-72AA-4F8D-9354-8B0F57F2B58A}.Release|Any CPU.ActiveCfg = Release|Any CPU
		{453C8A9D-72AA-4F8D-9354-8B0F57F2B58A}.Release|Any CPU.Build.0 = Release|Any CPU
		{754AE1B9-11D0-4270-98C7-8DA69B150860}.Debug|Any CPU.ActiveCfg = Debug|Any CPU
		{754AE1B9-11D0-4270-98C7-8DA69B150860}.Debug|Any CPU.Build.0 = Debug|Any CPU
		{754AE1B9-11D0-4270-98C7-8DA69B150860}.Release|Any CPU.ActiveCfg = Release|Any CPU
		{754AE1B9-11D0-4270-98C7-8DA69B150860}.Release|Any CPU.Build.0 = Release|Any CPU
		{3EDC08B5-879E-4FFA-83C0-C1BB595A2EC8}.Debug|Any CPU.ActiveCfg = Debug|Any CPU
		{3EDC08B5-879E-4FFA-83C0-C1BB595A2EC8}.Debug|Any CPU.Build.0 = Debug|Any CPU
		{3EDC08B5-879E-4FFA-83C0-C1BB595A2EC8}.Release|Any CPU.ActiveCfg = Release|Any CPU
		{3EDC08B5-879E-4FFA-83C0-C1BB595A2EC8}.Release|Any CPU.Build.0 = Release|Any CPU
		{545EC665-2792-45B6-8764-0D4401428831}.Debug|Any CPU.ActiveCfg = Debug|Any CPU
		{545EC665-2792-45B6-8764-0D4401428831}.Debug|Any CPU.Build.0 = Debug|Any CPU
		{545EC665-2792-45B6-8764-0D4401428831}.Release|Any CPU.ActiveCfg = Release|Any CPU
		{545EC665-2792-45B6-8764-0D4401428831}.Release|Any CPU.Build.0 = Release|Any CPU
		{94CA34A2-5727-4E78-89D8-C49DE825C4FC}.Debug|Any CPU.ActiveCfg = Debug|Any CPU
		{94CA34A2-5727-4E78-89D8-C49DE825C4FC}.Debug|Any CPU.Build.0 = Debug|Any CPU
		{94CA34A2-5727-4E78-89D8-C49DE825C4FC}.Release|Any CPU.ActiveCfg = Release|Any CPU
		{94CA34A2-5727-4E78-89D8-C49DE825C4FC}.Release|Any CPU.Build.0 = Release|Any CPU
		{202E9681-1F77-4C56-A940-6BA61FED212D}.Debug|Any CPU.ActiveCfg = Debug|Any CPU
		{202E9681-1F77-4C56-A940-6BA61FED212D}.Debug|Any CPU.Build.0 = Debug|Any CPU
		{202E9681-1F77-4C56-A940-6BA61FED212D}.Release|Any CPU.ActiveCfg = Release|Any CPU
		{202E9681-1F77-4C56-A940-6BA61FED212D}.Release|Any CPU.Build.0 = Release|Any CPU
		{27BC64FC-1A68-458A-871D-7C6F9AF3DCA0}.Debug|Any CPU.ActiveCfg = Debug|Any CPU
		{27BC64FC-1A68-458A-871D-7C6F9AF3DCA0}.Debug|Any CPU.Build.0 = Debug|Any CPU
		{27BC64FC-1A68-458A-871D-7C6F9AF3DCA0}.Release|Any CPU.ActiveCfg = Release|Any CPU
		{27BC64FC-1A68-458A-871D-7C6F9AF3DCA0}.Release|Any CPU.Build.0 = Release|Any CPU
	EndGlobalSection
	GlobalSection(SolutionProperties) = preSolution
		HideSolutionNode = FALSE
	EndGlobalSection
	GlobalSection(NestedProjects) = preSolution
		{5E364099-0B35-4415-9BE2-FCA77811F30A} = {1AD6F114-F602-4126-A01F-5BF6DDDC3332}
		{98E88BD5-A586-4F30-A22C-9C0D9D26F656} = {18118780-A3BB-48C3-BF75-9B6BA93079D4}
		{BAAC2B2D-10D6-49D9-8E86-3EB30000E98B} = {18118780-A3BB-48C3-BF75-9B6BA93079D4}
		{47FA4F3D-36B5-40C1-9E99-6CA447CA64F6} = {18118780-A3BB-48C3-BF75-9B6BA93079D4}
		{0501D8D0-1992-4B29-B749-AB71932AAD16} = {1AD6F114-F602-4126-A01F-5BF6DDDC3332}
		{D5A026BF-8050-48B5-A5B1-F932EEB98DFE} = {79746765-1A61-4B5A-8455-0E02AA32E228}
		{A33FE01F-AE9B-4BDE-B521-AB13916B1CFA} = {D5A026BF-8050-48B5-A5B1-F932EEB98DFE}
		{453C8A9D-72AA-4F8D-9354-8B0F57F2B58A} = {D5A026BF-8050-48B5-A5B1-F932EEB98DFE}
		{754AE1B9-11D0-4270-98C7-8DA69B150860} = {D5A026BF-8050-48B5-A5B1-F932EEB98DFE}
		{3EDC08B5-879E-4FFA-83C0-C1BB595A2EC8} = {FD892290-5D09-4BAE-8DBA-1FC2E29CB47A}
		{545EC665-2792-45B6-8764-0D4401428831} = {FD892290-5D09-4BAE-8DBA-1FC2E29CB47A}
		{94CA34A2-5727-4E78-89D8-C49DE825C4FC} = {FD892290-5D09-4BAE-8DBA-1FC2E29CB47A}
		{202E9681-1F77-4C56-A940-6BA61FED212D} = {FD892290-5D09-4BAE-8DBA-1FC2E29CB47A}
		{27BC64FC-1A68-458A-871D-7C6F9AF3DCA0} = {5CB015FB-85F0-447B-A939-784623F1DA88}
	EndGlobalSection
EndGlobal
